
Microsoft Visual Studio Solution File, Format Version 12.00
# Visual Studio Version 16
VisualStudioVersion = 16.0.29509.3
MinimumVisualStudioVersion = 10.0.40219.1
Project("{FAE04EC0-301F-11D3-BF4B-00C04F79EFBC}") = "UlalaBatch", "UlalaBatch\UlalaBatch.csproj", "{B99DDBAC-44B5-470D-914B-C23BBCBC7A9D}"
EndProject
Global
	GlobalSection(SolutionConfigurationPlatforms) = preSolution
		Debug|Any CPU = Debug|Any CPU
		Release|Any CPU = Release|Any CPU
	EndGlobalSection
	GlobalSection(ProjectConfigurationPlatforms) = postSolution
		{B99DDBAC-44B5-470D-914B-C23BBCBC7A9D}.Debug|Any CPU.ActiveCfg = Debug|Any CPU
		{B99DDBAC-44B5-470D-914B-C23BBCBC7A9D}.Debug|Any CPU.Build.0 = Debug|Any CPU
		{B99DDBAC-44B5-470D-914B-C23BBCBC7A9D}.Release|Any CPU.ActiveCfg = Release|Any CPU
		{B99DDBAC-44B5-470D-914B-C23BBCBC7A9D}.Release|Any CPU.Build.0 = Release|Any CPU
	EndGlobalSection
	GlobalSection(SolutionProperties) = preSolution
		HideSolutionNode = FALSE
	EndGlobalSection
	GlobalSection(ExtensibilityGlobals) = postSolution
		SolutionGuid = {06C99A21-E92D-4FFD-870D-CADF4BE74F2A}
	EndGlobalSection
EndGlobal
